
Microsoft Visual Studio Solution File, Format Version 12.00
# Visual Studio Version 16
VisualStudioVersion = 16.0.29025.244
MinimumVisualStudioVersion = 10.0.40219.1
Project("{FAE04EC0-301F-11D3-BF4B-00C04F79EFBC}") = "DesignPatterns", "DesignPatterns\DesignPatterns.csproj", "{6EABE145-C073-412A-9C09-D6842488A9C9}"
EndProject
Project("{FAE04EC0-301F-11D3-BF4B-00C04F79EFBC}") = "StrategyPattern", "StrategyPattern\StrategyPattern.csproj", "{D5451C17-F94D-4608-9B4B-D8AD75B68323}"
EndProject
Project("{FAE04EC0-301F-11D3-BF4B-00C04F79EFBC}") = "PatternInterface", "PatternInterface\PatternInterface.csproj", "{014C4928-F97B-4404-81E6-D4B5018F8E0D}"
EndProject
Global
	GlobalSection(SolutionConfigurationPlatforms) = preSolution
		Debug|Any CPU = Debug|Any CPU
		Release|Any CPU = Release|Any CPU
	EndGlobalSection
	GlobalSection(ProjectConfigurationPlatforms) = postSolution
		{6EABE145-C073-412A-9C09-D6842488A9C9}.Debug|Any CPU.ActiveCfg = Debug|Any CPU
		{6EABE145-C073-412A-9C09-D6842488A9C9}.Debug|Any CPU.Build.0 = Debug|Any CPU
		{6EABE145-C073-412A-9C09-D6842488A9C9}.Release|Any CPU.ActiveCfg = Release|Any CPU
		{6EABE145-C073-412A-9C09-D6842488A9C9}.Release|Any CPU.Build.0 = Release|Any CPU
		{D5451C17-F94D-4608-9B4B-D8AD75B68323}.Debug|Any CPU.ActiveCfg = Debug|Any CPU
		{D5451C17-F94D-4608-9B4B-D8AD75B68323}.Debug|Any CPU.Build.0 = Debug|Any CPU
		{D5451C17-F94D-4608-9B4B-D8AD75B68323}.Release|Any CPU.ActiveCfg = Release|Any CPU
		{D5451C17-F94D-4608-9B4B-D8AD75B68323}.Release|Any CPU.Build.0 = Release|Any CPU
		{014C4928-F97B-4404-81E6-D4B5018F8E0D}.Debug|Any CPU.ActiveCfg = Debug|Any CPU
		{014C4928-F97B-4404-81E6-D4B5018F8E0D}.Debug|Any CPU.Build.0 = Debug|Any CPU
		{014C4928-F97B-4404-81E6-D4B5018F8E0D}.Release|Any CPU.ActiveCfg = Release|Any CPU
		{014C4928-F97B-4404-81E6-D4B5018F8E0D}.Release|Any CPU.Build.0 = Release|Any CPU
	EndGlobalSection
	GlobalSection(SolutionProperties) = preSolution
		HideSolutionNode = FALSE
	EndGlobalSection
	GlobalSection(ExtensibilityGlobals) = postSolution
		SolutionGuid = {627C4D4B-B552-45F5-98ED-6255A0200120}
	EndGlobalSection
EndGlobal
